Microsoft Visual Studio Solution File, Format Version 12.00
# Visual Studio Version 17
VisualStudioVersion = 17.5.2.0
MinimumVisualStudioVersion = 10.0.40219.1
Project("{FAE04EC0-301F-11D3-BF4B-00C04F79EFBC}") = "MyBlogApi", "MyBlogApi.csproj", "{F283D4B5-D7A8-51F9-294E-EBCA21063274}"
EndProject
Global
	GlobalSection(SolutionConfigurationPlatforms) = preSolution
		Debug|Any CPU = Debug|Any CPU
		Release|Any CPU = Release|Any CPU
	EndGlobalSection
	GlobalSection(ProjectConfigurationPlatforms) = postSolution
		{F283D4B5-D7A8-51F9-294E-EBCA21063274}.Debug|Any CPU.ActiveCfg = Debug|Any CPU
		{F283D4B5-D7A8-51F9-294E-EBCA21063274}.Debug|Any CPU.Build.0 = Debug|Any CPU
		{F283D4B5-D7A8-51F9-294E-EBCA21063274}.Release|Any CPU.ActiveCfg = Release|Any CPU
		{F283D4B5-D7A8-51F9-294E-EBCA21063274}.Release|Any CPU.Build.0 = Release|Any CPU
	EndGlobalSection
	GlobalSection(SolutionProperties) = preSolution
		HideSolutionNode = FALSE
	EndGlobalSection
	GlobalSection(ExtensibilityGlobals) = postSolution
		SolutionGuid = {D9465B6C-DC3F-4FD5-80FF-BDA4311AD1BF}
	EndGlobalSection
EndGlobal
